
Microsoft Visual Studio Solution File, Format Version 12.00
# Visual Studio Version 16
VisualStudioVersion = 16.0.29728.190
MinimumVisualStudioVersion = 10.0.40219.1
Project("{FAE04EC0-301F-11D3-BF4B-00C04F79EFBC}") = "Milestone1", "Milestone1\Milestone1.csproj", "{057E2062-CC95-43DD-954E-15ACD741D661}"
EndProject
Global
	GlobalSection(SolutionConfigurationPlatforms) = preSolution
		Debug|Any CPU = Debug|Any CPU
		Release|Any CPU = Release|Any CPU
	EndGlobalSection
	GlobalSection(ProjectConfigurationPlatforms) = postSolution
		{057E2062-CC95-43DD-954E-15ACD741D661}.Debug|Any CPU.ActiveCfg = Debug|Any CPU
		{057E2062-CC95-43DD-954E-15ACD741D661}.Debug|Any CPU.Build.0 = Debug|Any CPU
		{057E2062-CC95-43DD-954E-15ACD741D661}.Release|Any CPU.ActiveCfg = Release|Any CPU
		{057E2062-CC95-43DD-954E-15ACD741D661}.Release|Any CPU.Build.0 = Release|Any CPU
	EndGlobalSection
	GlobalSection(SolutionProperties) = preSolution
		HideSolutionNode = FALSE
	EndGlobalSection
	GlobalSection(ExtensibilityGlobals) = postSolution
		SolutionGuid = {BDE71150-E380-4170-922C-44405706ACB7}
	EndGlobalSection
EndGlobal
